github.com/google/go-cmp v0.6.0 h1:ofyhxvXcZhMsU5ulbFiLKl/XBFqE1GSq7atu8tAmTRI=
github.com/google/go-cmp v0.6.0/go.mod h1:17dUlkBOakJ0+DkrSSNjCkIjxS6bF9zb3elmeNGIjoY=
github.com/waysys/assert v0.0.0-20240528204126-c36b2622dff7 h1:d79uoHyAUeuKmj1meMNqZ19OYKX7h+vYqg8OlCFjX9Y=
github.com/waysys/assert v0.0.0-20240528204126-c36b2622dff7/go.mod h1:RHJf9yXJQrdpsLtl6q5PNTXBp/RUkvy4yfjM1D8dQSE=
